// !$*UTF8*$!
{
	archiveVersion = 1;
	classes = {
	};
	objectVersion = 46;
	objects = {

/* Begin PBXBuildFile section */
		526658FA1E9F182F00D3351B /* AppDelegate.swift in Sources */ = {isa = PBXBuildFile; fileRef = 526658F91E9F182F00D3351B /* AppDelegate.swift */; };
		526658FC1E9F182F00D3351B /* ViewController.swift in Sources */ = {isa = PBXBuildFile; fileRef = 526658FB1E9F182F00D3351B /* ViewController.swift */; };
		526659011E9F182F00D3351B /* Assets.xcassets in Resources */ = {isa = PBXBuildFile; fileRef = 526659001E9F182F00D3351B /* Assets.xcassets */; };
		526659041E9F182F00D3351B /* LaunchScreen.storyboard in Resources */ = {isa = PBXBuildFile; fileRef = 526659021E9F182F00D3351B /* LaunchScreen.storyboard */; };
		526659111E9F1FB900D3351B /* Screen.swift in Sources */ = {isa = PBXBuildFile; fileRef = 5266590E1E9F1FB900D3351B /* Screen.swift */; };
		526659121E9F1FB900D3351B /* VerificationCodeButton.swift in Sources */ = {isa = PBXBuildFile; fileRef = 5266590F1E9F1FB900D3351B /* VerificationCodeButton.swift */; };
		526659131E9F1FB900D3351B /* VerificationCodeButtonStyle.swift in Sources */ = {isa = PBXBuildFile; fileRef = 526659101E9F1FB900D3351B /* VerificationCodeButtonStyle.swift */; };
		526659151E9F226100D3351B /* ButtonViewController.swift in Sources */ = {isa = PBXBuildFile; fileRef = 526659141E9F226100D3351B /* ButtonViewController.swift */; };
/* End PBXBuildFile section */

/* Begin PBXFileReference section */
		526658F61E9F182F00D3351B /* VerificationCodeButton.app */ = {isa = PBXFileReference; explicitFileType = wrapper.application; includeInIndex = 0; path = VerificationCodeButton.app; sourceTree = BUILT_PRODUCTS_DIR; };
		526658F91E9F182F00D3351B /* AppDelegate.swift */ = {isa = PBXFileReference; lastKnownFileType = sourcecode.swift; path = AppDelegate.swift; sourceTree = "<group>"; };
		526658FB1E9F182F00D3351B /* ViewController.swift */ = {isa = PBXFileReference; lastKnownFileType = sourcecode.swift; path = ViewController.swift; sourceTree = "<group>"; };
		526659001E9F182F00D3351B /* Assets.xcassets */ = {isa = PBXFileReference; lastKnownFileType = folder.assetcatalog; path = Assets.xcassets; sourceTree = "<group>"; };
		526659031E9F182F00D3351B /* Base */ = {isa = PBXFileReference; lastKnownFileType = file.storyboard; name = Base; path = Base.lproj/LaunchScreen.storyboard; sourceTree = "<group>"; };
		526659051E9F182F00D3351B /* Info.plist */ = {isa = PBXFileReference; lastKnownFileType = text.plist.xml; path = Info.plist; sourceTree = "<group>"; };
		5266590E1E9F1FB900D3351B /* Screen.swift */ = {isa = PBXFileReference; fileEncoding = 4; lastKnownFileType = sourcecode.swift; path = Screen.swift; sourceTree = "<group>"; };
		5266590F1E9F1FB900D3351B /* VerificationCodeButton.swift */ = {isa = PBXFileReference; fileEncoding = 4; lastKnownFileType = sourcecode.swift; path = VerificationCodeButton.swift; sourceTree = "<group>"; };
		526659101E9F1FB900D3351B /* VerificationCodeButtonStyle.swift */ = {isa = PBXFileReference; fileEncoding = 4; lastKnownFileType = sourcecode.swift; path = VerificationCodeButtonStyle.swift; sourceTree = "<group>"; };
		526659141E9F226100D3351B /* ButtonViewController.swift */ = {isa = PBXFileReference; fileEncoding = 4; lastKnownFileType = sourcecode.swift; path = ButtonViewController.swift; sourceTree = "<group>"; };
/* End PBXFileReference section */

/* Begin PBXFrameworksBuildPhase section */
		526658F31E9F182F00D3351B /* Frameworks */ = {
			isa = PBXFrameworksBuildPhase;
			buildActionMask = 2147483647;
			files = (
			);
			runOnlyForDeploymentPostprocessing = 0;
		};
/* End PBXFrameworksBuildPhase section */

/* Begin PBXGroup section */
		526658ED1E9F182F00D3351B = {
			isa = PBXGroup;
			children = (
				526658F81E9F182F00D3351B /* VerificationCodeButton */,
				526658F71E9F182F00D3351B /* Products */,
			);
			sourceTree = "<group>";
		};
		526658F71E9F182F00D3351B /* Products */ = {
			isa = PBXGroup;
			children = (
				526658F61E9F182F00D3351B /* VerificationCodeButton.app */,
			);
			name = Products;
			sourceTree = "<group>";
		};
		526658F81E9F182F00D3351B /* VerificationCodeButton */ = {
			isa = PBXGroup;
			children = (
				5266590D1E9F1F9700D3351B /* Source */,
				526658F91E9F182F00D3351B /* AppDelegate.swift */,
				526658FB1E9F182F00D3351B /* ViewController.swift */,
				526659141E9F226100D3351B /* ButtonViewController.swift */,
				526659001E9F182F00D3351B /* Assets.xcassets */,
				526659021E9F182F00D3351B /* LaunchScreen.storyboard */,
				526659051E9F182F00D3351B /* Info.plist */,
			);
			path = VerificationCodeButton;
			sourceTree = "<group>";
		};
		5266590D1E9F1F9700D3351B /* Source */ = {
			isa = PBXGroup;
			children = (
				5266590E1E9F1FB900D3351B /* Screen.swift */,
				5266590F1E9F1FB900D3351B /* VerificationCodeButton.swift */,
				526659101E9F1FB900D3351B /* VerificationCodeButtonStyle.swift */,
			);
			path = Source;
			sourceTree = "<group>";
		};
/* End PBXGroup section */

/* Begin PBXNativeTarget section */
		526658F51E9F182F00D3351B /* VerificationCodeButton */ = {
			isa = PBXNativeTarget;
			buildConfigurationList = 526659081E9F182F00D3351B /* Build configuration list for PBXNativeTarget "VerificationCodeButton" */;
			buildPhases = (
				526658F21E9F182F00D3351B /* Sources */,
				526658F31E9F182F00D3351B /* Frameworks */,
				526658F41E9F182F00D3351B /* Resources */,
			);
			buildRules = (
			);
			dependencies = (
			);
			name = VerificationCodeButton;
			productName = VerificationCodeButton;
			productReference = 526658F61E9F182F00D3351B /* VerificationCodeButton.app */;
			productType = "com.apple.product-type.application";
		};
/* End PBXNativeTarget section */

/* Begin PBXProject section */
		526658EE1E9F182F00D3351B /* Project object */ = {
			isa = PBXProject;
			attributes = {
				LastSwiftUpdateCheck = 0830;
				LastUpgradeCheck = 0830;
				ORGANIZATIONNAME = Aqua;
				TargetAttributes = {
					526658F51E9F182F00D3351B = {
						CreatedOnToolsVersion = 8.3.1;
						DevelopmentTeam = SXRTDM2GE2;
						ProvisioningStyle = Automatic;
					};
				};
			};
			buildConfigurationList = 526658F11E9F182F00D3351B /* Build configuration list for PBXProject "VerificationCodeButton" */;
			compatibilityVersion = "Xcode 3.2";
			developmentRegion = English;
			hasScannedForEncodings = 0;
			knownRegions = (
				en,
				Base,
			);
			mainGroup = 526658ED1E9F182F00D3351B;
			productRefGroup = 526658F71E9F182F00D3351B /* Products */;
			projectDirPath = "";
			projectRoot = "";
			targets = (
				526658F51E9F182F00D3351B /* VerificationCodeButton */,
			);
		};
/* End PBXProject section */

/* Begin PBXResourcesBuildPhase section */
		526658F41E9F182F00D3351B /* Resources */ = {
			isa = PBXResourcesBuildPhase;
			buildActionMask = 2147483647;
			files = (
				526659041E9F182F00D3351B /* LaunchScreen.storyboard in Resources */,
				526659011E9F182F00D3351B /* Assets.xcassets in Resources */,
			);
			runOnlyForDeploymentPostprocessing = 0;
		};
/* End PBXResourcesBuildPhase section */

/* Begin PBXSourcesBuildPhase section */
		526658F21E9F182F00D3351B /* Sources */ = {
			isa = PBXSourcesBuildPhase;
			buildActionMask = 2147483647;
			files = (
				526658FC1E9F182F00D3351B /* ViewController.swift in Sources */,
				526659131E9F1FB900D3351B /* VerificationCodeButtonStyle.swift in Sources */,
				526659121E9F1FB900D3351B /* VerificationCodeButton.swift in Sources */,
				526658FA1E9F182F00D3351B /* AppDelegate.swift in Sources */,
				526659151E9F226100D3351B /* ButtonViewController.swift in Sources */,
				526659111E9F1FB900D3351B /* Screen.swift in Sources */,
			);
			runOnlyForDeploymentPostprocessing = 0;
		};
/* End PBXSourcesBuildPhase section */

/* Begin PBXVariantGroup section */
		526659021E9F182F00D3351B /* LaunchScreen.storyboard */ = {
			isa = PBXVariantGroup;
			children = (
				526659031E9F182F00D3351B /* Base */,
			);
			name = LaunchScreen.storyboard;
			sourceTree = "<group>";
		};
/* End PBXVariantGroup section */

/* Begin XCBuildConfiguration section */
		526659061E9F182F00D3351B /* Debug */ = {
			isa = XCBuildConfiguration;
			buildSettings = {
				ALWAYS_SEARCH_USER_PATHS = NO;
				CLANG_ANALYZER_NONNULL = YES;
				CLANG_ANALYZER_NUMBER_OBJECT_CONVERSION = YES_AGGRESSIVE;
				CLANG_CXX_LANGUAGE_STANDARD = "gnu++0x";
				CLANG_CXX_LIBRARY = "libc++";
				CLANG_ENABLE_MODULES = YES;
				CLANG_ENABLE_OBJC_ARC = YES;
				CLANG_WARN_BOOL_CONVERSION = YES;
				CLANG_WARN_CONSTANT_CONVERSION = YES;
				CLANG_WARN_DIRECT_OBJC_ISA_USAGE = YES_ERROR;
				CLANG_WARN_DOCUMENTATION_COMMENTS = YES;
				CLANG_WARN_EMPTY_BODY = YES;
				CLANG_WARN_ENUM_CONVERSION = YES;
				CLANG_WARN_INFINITE_RECURSION = YES;
				CLANG_WARN_INT_CONVERSION = YES;
				CLANG_WARN_OBJC_ROOT_CLASS = YES_ERROR;
				CLANG_WARN_SUSPICIOUS_MOVE = YES;
				CLANG_WARN_UNREACHABLE_CODE = YES;
				CLANG_WARN__DUPLICATE_METHOD_MATCH = YES;
				"CODE_SIGN_IDENTITY[sdk=iphoneos*]" = "iPhone Developer";
				COPY_PHASE_STRIP = NO;
				DEBUG_INFORMATION_FORMAT = dwarf;
				ENABLE_STRICT_OBJC_MSGSEND = YES;
				ENABLE_TESTABILITY = YES;
				GCC_C_LANGUAGE_STANDARD = gnu99;
				GCC_DYNAMIC_NO_PIC = NO;
				GCC_NO_COMMON_BLOCKS = YES;
				GCC_OPTIMIZATION_LEVEL = 0;
				GCC_PREPROCESSOR_DEFINITIONS = (
					"DEBUG=1",
					"$(inherited)",
				);
				GCC_WARN_64_TO_32_BIT_CONVERSION = YES;
				GCC_WARN_ABOUT_RETURN_TYPE = YES_ERROR;
				GCC_WARN_UNDECLARED_SELECTOR = YES;
				GCC_WARN_UNINITIALIZED_AUTOS = YES_AGGRESSIVE;
				GCC_WARN_UNUSED_FUNCTION = YES;
				GCC_WARN_UNUSED_VARIABLE = YES;
				IPHONEOS_DEPLOYMENT_TARGET = 10.3;
				MTL_ENABLE_DEBUG_INFO = YES;
				ONLY_ACTIVE_ARCH = YES;
				SDKROOT = iphoneos;
				SWIFT_ACTIVE_COMPILATION_CONDITIONS = DEBUG;
				SWIFT_OPTIMIZATION_LEVEL = "-Onone";
			};
			name = Debug;
		};
		526659071E9F182F00D3351B /* Release */ = {
			isa = XCBuildConfiguration;
			buildSettings = {
				ALWAYS_SEARCH_USER_PATHS = NO;
				CLANG_ANALYZER_NONNULL = YES;
				CLANG_ANALYZER_NUMBER_OBJECT_CONVERSION = YES_AGGRESSIVE;
				CLANG_CXX_LANGUAGE_STANDARD = "gnu++0x";
				CLANG_CXX_LIBRARY = "libc++";
				CLANG_ENABLE_MODULES = YES;
				CLANG_ENABLE_OBJC_ARC = YES;
				CLANG_WARN_BOOL_CONVERSION = YES;
				CLANG_WARN_CONSTANT_CONVERSION = YES;
				CLANG_WARN_DIRECT_OBJC_ISA_USAGE = YES_ERROR;
				CLANG_WARN_DOCUMENTATION_COMMENTS = YES;
				CLANG_WARN_EMPTY_BODY = YES;
				CLANG_WARN_ENUM_CONVERSION = YES;
				CLANG_WARN_INFINITE_RECURSION = YES;
				CLANG_WARN_INT_CONVERSION = YES;
				CLANG_WARN_OBJC_ROOT_CLASS = YES_ERROR;
				CLANG_WARN_SUSPICIOUS_MOVE = YES;
				CLANG_WARN_UNREACHABLE_CODE = YES;
				CLANG_WARN__DUPLICATE_METHOD_MATCH = YES;
				"CODE_SIGN_IDENTITY[sdk=iphoneos*]" = "iPhone Developer";
				COPY_PHASE_STRIP = NO;
				DEBUG_INFORMATION_FORMAT = "dwarf-with-dsym";
				ENABLE_NS_ASSERTIONS = NO;
				ENABLE_STRICT_OBJC_MSGSEND = YES;
				GCC_C_LANGUAGE_STANDARD = gnu99;
				GCC_NO_COMMON_BLOCKS = YES;
				GCC_WARN_64_TO_32_BIT_CONVERSION = YES;
				GCC_WARN_ABOUT_RETURN_TYPE = YES_ERROR;
				GCC_WARN_UNDECLARED_SELECTOR = YES;
				GCC_WARN_UNINITIALIZED_AUTOS = YES_AGGRESSIVE;
				GCC_WARN_UNUSED_FUNCTION = YES;
				GCC_WARN_UNUSED_VARIABLE = YES;
				IPHONEOS_DEPLOYMENT_TARGET = 10.3;
				MTL_ENABLE_DEBUG_INFO = NO;
				SDKROOT = iphoneos;
				SWIFT_OPTIMIZATION_LEVEL = "-Owholemodule";
				VALIDATE_PRODUCT = YES;
			};
			name = Release;
		};
		526659091E9F182F00D3351B /* Debug */ = {
			isa = XCBuildConfiguration;
			buildSettings = {
				ASSETCATALOG_COMPILER_APPICON_NAME = AppIcon;
				DEVELOPMENT_TEAM = SXRTDM2GE2;
				INFOPLIST_FILE = VerificationCodeButton/Info.plist;
				LD_RUNPATH_SEARCH_PATHS = "$(inherited) @executable_path/Frameworks";
				PRODUCT_BUNDLE_IDENTIFIER = MangoMade.VerificationCodeButton;
				PRODUCT_NAME = "$(TARGET_NAME)";
				SWIFT_VERSION = 3.0;
			};
			name = Debug;
		};
		5266590A1E9F182F00D3351B /* Release */ = {
			isa = XCBuildConfiguration;
			buildSettings = {
				ASSETCATALOG_COMPILER_APPICON_NAME = AppIcon;
				DEVELOPMENT_TEAM = SXRTDM2GE2;
				INFOPLIST_FILE = VerificationCodeButton/Info.plist;
				LD_RUNPATH_SEARCH_PATHS = "$(inherited) @executable_path/Frameworks";
				PRODUCT_BUNDLE_IDENTIFIER = MangoMade.VerificationCodeButton;
				PRODUCT_NAME = "$(TARGET_NAME)";
				SWIFT_VERSION = 3.0;
			};
			name = Release;
		};
/* End XCBuildConfiguration section */

/* Begin XCConfigurationList section */
		526658F11E9F182F00D3351B /* Build configuration list for PBXProject "VerificationCodeButton" */ = {
			isa = XCConfigurationList;
			buildConfigurations = (
				526659061E9F182F00D3351B /* Debug */,
				526659071E9F182F00D3351B /* Release */,
			);
			defaultConfigurationIsVisible = 0;
			defaultConfigurationName = Release;
		};
		526659081E9F182F00D3351B /* Build configuration list for PBXNativeTarget "VerificationCodeButton" */ = {
			isa = XCConfigurationList;
			buildConfigurations = (
				526659091E9F182F00D3351B /* Debug */,
				5266590A1E9F182F00D3351B /* Release */,
			);
			defaultConfigurationIsVisible = 0;
			defaultConfigurationName = Release;
		};
/* End XCConfigurationList section */
	};
	rootObject = 526658EE1E9F182F00D3351B /* Project object */;
}
